# THIS IS AN AUTOGENERATED FILE. DO NOT EDIT THIS FILE DIRECTLY.
# yarn lockfile v1


aws-jwt-verify@^4.0.1:
  version "4.0.1"
  resolved "https://registry.yarnpkg.com/aws-jwt-verify/-/aws-jwt-verify-4.0.1.tgz#d5f36f80f3d1cbe8ffa638347bb80daf72f6ae61"
  integrity sha512-kzvi71eD3w/mCpYRUY7cz6DX4bfYihGdI2yV3FYQ2JuZZenqAqDPz0gWj0ew6vlAtdEVBNb7p+Dm2TAIxpVYMA==
